
Microsoft Visual Studio Solution File, Format Version 12.00
# Visual Studio Version 17
VisualStudioVersion = 17.14.36221.1 d17.14
MinimumVisualStudioVersion = 10.0.40219.1
Project("{FAE04EC0-301F-11D3-BF4B-00C04F79EFBC}") = "RestaurantSystem", "RestaurantSystem.csproj", "{35C4A623-B621-4EBC-89F5-C27B338A21CF}"
EndProject
Project("{FAE04EC0-301F-11D3-BF4B-00C04F79EFBC}") = "RestaurantSystem.Tests", "..\RestaurantSystem.Tests\RestaurantSystem.Tests.csproj", "{36B02B23-C451-41E3-9928-440DB33E9F65}"
EndProject
Global
	GlobalSection(SolutionConfigurationPlatforms) = preSolution
		Debug|Any CPU = Debug|Any CPU
		Release|Any CPU = Release|Any CPU
	EndGlobalSection
	GlobalSection(ProjectConfigurationPlatforms) = postSolution
		{35C4A623-B621-4EBC-89F5-C27B338A21CF}.Debug|Any CPU.ActiveCfg = Debug|Any CPU
		{35C4A623-B621-4EBC-89F5-C27B338A21CF}.Debug|Any CPU.Build.0 = Debug|Any CPU
		{35C4A623-B621-4EBC-89F5-C27B338A21CF}.Release|Any CPU.ActiveCfg = Release|Any CPU
		{35C4A623-B621-4EBC-89F5-C27B338A21CF}.Release|Any CPU.Build.0 = Release|Any CPU
		{36B02B23-C451-41E3-9928-440DB33E9F65}.Debug|Any CPU.ActiveCfg = Debug|Any CPU
		{36B02B23-C451-41E3-9928-440DB33E9F65}.Debug|Any CPU.Build.0 = Debug|Any CPU
		{36B02B23-C451-41E3-9928-440DB33E9F65}.Release|Any CPU.ActiveCfg = Release|Any CPU
		{36B02B23-C451-41E3-9928-440DB33E9F65}.Release|Any CPU.Build.0 = Release|Any CPU
	EndGlobalSection
	GlobalSection(SolutionProperties) = preSolution
		HideSolutionNode = FALSE
	EndGlobalSection
	GlobalSection(ExtensibilityGlobals) = postSolution
		SolutionGuid = {CDD8FD4D-1580-4679-95D0-EEF08A895F35}
	EndGlobalSection
EndGlobal
